
Microsoft Visual Studio Solution File, Format Version 12.00
# Visual Studio Version 17
VisualStudioVersion = 17.11.35327.3
MinimumVisualStudioVersion = 10.0.40219.1
Project("{FAE04EC0-301F-11D3-BF4B-00C04F79EFBC}") = "Lab06_1", "Lab06_1\Lab06_1.csproj", "{A0442F97-F252-45A8-8596-A1523D97ECCB}"
EndProject
Global
	GlobalSection(SolutionConfigurationPlatforms) = preSolution
		Debug|Any CPU = Debug|Any CPU
		Release|Any CPU = Release|Any CPU
	EndGlobalSection
	GlobalSection(ProjectConfigurationPlatforms) = postSolution
		{A0442F97-F252-45A8-8596-A1523D97ECCB}.Debug|Any CPU.ActiveCfg = Debug|Any CPU
		{A0442F97-F252-45A8-8596-A1523D97ECCB}.Debug|Any CPU.Build.0 = Debug|Any CPU
		{A0442F97-F252-45A8-8596-A1523D97ECCB}.Release|Any CPU.ActiveCfg = Release|Any CPU
		{A0442F97-F252-45A8-8596-A1523D97ECCB}.Release|Any CPU.Build.0 = Release|Any CPU
	EndGlobalSection
	GlobalSection(SolutionProperties) = preSolution
		HideSolutionNode = FALSE
	EndGlobalSection
	GlobalSection(ExtensibilityGlobals) = postSolution
		SolutionGuid = {6BBD11AF-2BD0-4BA1-9BAA-998509F06D84}
	EndGlobalSection
EndGlobal
